#
# This file is autogenerated by pip-compile with Python 3.13
# by the following command:
#
#    pip-compile --output-file=requirements.lock requirements.txt
#
anyio==4.14.2
    # via scrapling
apify-fingerprint-datapoints==0.15.0
    # via
    #   browserforge
    #   scrapling
beautifulsoup4==4.15.0
    # via -r requirements.txt
browserforge==1.2.4
    # via scrapling
certifi==2026.7.22
    # via
    #   curl-cffi
    #   requests
cffi==2.1.1
    # via
    #   cryptography
    #   curl-cffi
charset-normalizer==3.5.1
    # via requests
click==8.4.2
    # via
    #   -r requirements.txt
    #   browserforge
    #   scrapling
cryptography==50.0.0
    # via google-auth
cssselect==1.5.0
    # via scrapling
curl-cffi==0.16.0
    # via scrapling
google-auth==2.56.3
    # via
    #   google-auth-oauthlib
    #   gspread
google-auth-oauthlib==1.4.0
    # via gspread
greenlet==3.5.5
    # via
    #   patchright
    #   playwright
gspread==6.2.1
    # via -r requirements.txt
idna==3.18
    # via
    #   anyio
    #   requests
lxml==6.1.1
    # via scrapling
msgspec==0.21.1
    # via scrapling
oauthlib==3.3.1
    # via requests-oauthlib
orjson==3.12.0
    # via scrapling
patchright==1.62.1
    # via scrapling
playwright==1.61.0
    # via
    #   -r requirements.txt
    #   scrapling
protego==0.6.2
    # via scrapling
pyasn1==0.6.4
    # via pyasn1-modules
pyasn1-modules==0.4.2
    # via google-auth
pycparser==3.0
    # via cffi
pyee==13.0.1
    # via
    #   patchright
    #   playwright
requests==2.34.2
    # via
    #   -r requirements.txt
    #   requests-oauthlib
requests-oauthlib==2.0.0
    # via google-auth-oauthlib
scrapling[fetchers]==0.4.14
    # via -r requirements.txt
soupsieve==2.9.2
    # via beautifulsoup4
tld==0.13.2
    # via scrapling
typing-extensions==4.16.0
    # via
    #   beautifulsoup4
    #   pyee
    #   scrapling
urllib3==2.7.0
    # via requests
w3lib==2.4.1
    # via scrapling
